
Microsoft Visual Studio Solution File, Format Version 12.00
# Visual Studio 15
VisualStudioVersion = 15.0.28307.136
MinimumVisualStudioVersion = 10.0.40219.1
Project("{FAE04EC0-301F-11D3-BF4B-00C04F79EFBC}") = "Amortyzacja", "Amortyzacja.csproj", "{E9DEBCCB-4132-4A32-8656-20FE8568865A}"
EndProject
Global
	GlobalSection(SolutionConfigurationPlatforms) = preSolution
		Debug|Any CPU = Debug|Any CPU
		Release|Any CPU = Release|Any CPU
	EndGlobalSection
	GlobalSection(ProjectConfigurationPlatforms) = postSolution
		{E9DEBCCB-4132-4A32-8656-20FE8568865A}.Debug|Any CPU.ActiveCfg = Debug|Any CPU
		{E9DEBCCB-4132-4A32-8656-20FE8568865A}.Debug|Any CPU.Build.0 = Debug|Any CPU
		{E9DEBCCB-4132-4A32-8656-20FE8568865A}.Release|Any CPU.ActiveCfg = Release|Any CPU
		{E9DEBCCB-4132-4A32-8656-20FE8568865A}.Release|Any CPU.Build.0 = Release|Any CPU
	EndGlobalSection
	GlobalSection(SolutionProperties) = preSolution
		HideSolutionNode = FALSE
	EndGlobalSection
	GlobalSection(ExtensibilityGlobals) = postSolution
		SolutionGuid = {2041C163-BC1F-4256-8411-08CD1DB05A2E}
	EndGlobalSection
EndGlobal
